// !$*UTF8*$!
{
	archiveVersion = 1;
	classes = {
	};
	objectVersion = 50;
	objects = {

/* Begin PBXBuildFile section */
		F306419E20E55BCE00B1C83F /* AppDelegate.swift in Sources */ = {isa = PBXBuildFile; fileRef = F306419D20E55BCE00B1C83F /* AppDelegate.swift */; };
		F30641A020E55BCE00B1C83F /* MealViewController.swift in Sources */ = {isa = PBXBuildFile; fileRef = F306419F20E55BCE00B1C83F /* MealViewController.swift */; };
		F30641A320E55BCE00B1C83F /* Main.storyboard in Resources */ = {isa = PBXBuildFile; fileRef = F30641A120E55BCE00B1C83F /* Main.storyboard */; };
		F30641A520E55BD100B1C83F /* Assets.xcassets in Resources */ = {isa = PBXBuildFile; fileRef = F30641A420E55BD100B1C83F /* Assets.xcassets */; };
		F30641A820E55BD100B1C83F /* LaunchScreen.storyboard in Resources */ = {isa = PBXBuildFile; fileRef = F30641A620E55BD100B1C83F /* LaunchScreen.storyboard */; };
		F30641B320E55BD100B1C83F /* FoodTrackerTests.swift in Sources */ = {isa = PBXBuildFile; fileRef = F30641B220E55BD100B1C83F /* FoodTrackerTests.swift */; };
		F3C5372920EE834A005AB72F /* MealTableViewCell.swift in Sources */ = {isa = PBXBuildFile; fileRef = F3C5372820EE834A005AB72F /* MealTableViewCell.swift */; };
		F3C5372B20EE8CE9005AB72F /* MealTableViewController.swift in Sources */ = {isa = PBXBuildFile; fileRef = F3C5372A20EE8CE9005AB72F /* MealTableViewController.swift */; };
		F3D0876420EE7C1D0094A136 /* Meal.swift in Sources */ = {isa = PBXBuildFile; fileRef = F3D0876320EE7C1D0094A136 /* Meal.swift */; };
		F3ED537720EBFA990022B049 /* RatingControl.swift in Sources */ = {isa = PBXBuildFile; fileRef = F3ED537620EBFA990022B049 /* RatingControl.swift */; };
/* End PBXBuildFile section */

/* Begin PBXContainerItemProxy section */
		F30641AF20E55BD100B1C83F /* PBXContainerItemProxy */ = {
			isa = PBXContainerItemProxy;
			containerPortal = F306419220E55BCE00B1C83F /* Project object */;
			proxyType = 1;
			remoteGlobalIDString = F306419920E55BCE00B1C83F;
			remoteInfo = FoodTracker;
		};
/* End PBXContainerItemProxy section */

/* Begin PBXFileReference section */
		F306419A20E55BCE00B1C83F /* FoodTracker.app */ = {isa = PBXFileReference; explicitFileType = wrapper.application; includeInIndex = 0; path = FoodTracker.app; sourceTree = BUILT_PRODUCTS_DIR; };
		F306419D20E55BCE00B1C83F /* AppDelegate.swift */ = {isa = PBXFileReference; lastKnownFileType = sourcecode.swift; path = AppDelegate.swift; sourceTree = "<group>"; };
		F306419F20E55BCE00B1C83F /* MealViewController.swift */ = {isa = PBXFileReference; lastKnownFileType = sourcecode.swift; path = MealViewController.swift; sourceTree = "<group>"; };
		F30641A220E55BCE00B1C83F /* Base */ = {isa = PBXFileReference; lastKnownFileType = file.storyboard; name = Base; path = Base.lproj/Main.storyboard; sourceTree = "<group>"; };
		F30641A420E55BD100B1C83F /* Assets.xcassets */ = {isa = PBXFileReference; lastKnownFileType = folder.assetcatalog; path = Assets.xcassets; sourceTree = "<group>"; };
		F30641A720E55BD100B1C83F /* Base */ = {isa = PBXFileReference; lastKnownFileType = file.storyboard; name = Base; path = Base.lproj/LaunchScreen.storyboard; sourceTree = "<group>"; };
		F30641A920E55BD100B1C83F /* Info.plist */ = {isa = PBXFileReference; lastKnownFileType = text.plist.xml; path = Info.plist; sourceTree = "<group>"; };
		F30641AE20E55BD100B1C83F /* FoodTrackerTests.xctest */ = {isa = PBXFileReference; explicitFileType = wrapper.cfbundle; includeInIndex = 0; path = FoodTrackerTests.xctest; sourceTree = BUILT_PRODUCTS_DIR; };
		F30641B220E55BD100B1C83F /* FoodTrackerTests.swift */ = {isa = PBXFileReference; lastKnownFileType = sourcecode.swift; path = FoodTrackerTests.swift; sourceTree = "<group>"; };
		F30641B420E55BD100B1C83F /* Info.plist */ = {isa = PBXFileReference; lastKnownFileType = text.plist.xml; path = Info.plist; sourceTree = "<group>"; };
		F3C5372820EE834A005AB72F /* MealTableViewCell.swift */ = {isa = PBXFileReference; lastKnownFileType = sourcecode.swift; path = MealTableViewCell.swift; sourceTree = "<group>"; };
		F3C5372A20EE8CE9005AB72F /* MealTableViewController.swift */ = {isa = PBXFileReference; lastKnownFileType = sourcecode.swift; path = MealTableViewController.swift; sourceTree = "<group>"; };
		F3D0876320EE7C1D0094A136 /* Meal.swift */ = {isa = PBXFileReference; lastKnownFileType = sourcecode.swift; path = Meal.swift; sourceTree = "<group>"; };
		F3ED537620EBFA990022B049 /* RatingControl.swift */ = {isa = PBXFileReference; lastKnownFileType = sourcecode.swift; path = RatingControl.swift; sourceTree = "<group>"; };
/* End PBXFileReference section */

/* Begin PBXFrameworksBuildPhase section */
		F306419720E55BCE00B1C83F /* Frameworks */ = {
			isa = PBXFrameworksBuildPhase;
			buildActionMask = 2147483647;
			files = (
			);
			runOnlyForDeploymentPostprocessing = 0;
		};
		F30641AB20E55BD100B1C83F /* Frameworks */ = {
			isa = PBXFrameworksBuildPhase;
			buildActionMask = 2147483647;
			files = (
			);
			runOnlyForDeploymentPostprocessing = 0;
		};
/* End PBXFrameworksBuildPhase section */

/* Begin PBXGroup section */
		F306419120E55BCE00B1C83F = {
			isa = PBXGroup;
			children = (
				F306419C20E55BCE00B1C83F /* FoodTracker */,
				F30641B120E55BD100B1C83F /* FoodTrackerTests */,
				F306419B20E55BCE00B1C83F /* Products */,
			);
			sourceTree = "<group>";
		};
		F306419B20E55BCE00B1C83F /* Products */ = {
			isa = PBXGroup;
			children = (
				F306419A20E55BCE00B1C83F /* FoodTracker.app */,
				F30641AE20E55BD100B1C83F /* FoodTrackerTests.xctest */,
			);
			name = Products;
			sourceTree = "<group>";
		};
		F306419C20E55BCE00B1C83F /* FoodTracker */ = {
			isa = PBXGroup;
			children = (
				F306419D20E55BCE00B1C83F /* AppDelegate.swift */,
				F306419F20E55BCE00B1C83F /* MealViewController.swift */,
				F3ED537620EBFA990022B049 /* RatingControl.swift */,
				F3D0876320EE7C1D0094A136 /* Meal.swift */,
				F3C5372820EE834A005AB72F /* MealTableViewCell.swift */,
				F3C5372A20EE8CE9005AB72F /* MealTableViewController.swift */,
				F30641A120E55BCE00B1C83F /* Main.storyboard */,
				F30641A420E55BD100B1C83F /* Assets.xcassets */,
				F30641A620E55BD100B1C83F /* LaunchScreen.storyboard */,
				F30641A920E55BD100B1C83F /* Info.plist */,
			);
			path = FoodTracker;
			sourceTree = "<group>";
		};
		F30641B120E55BD100B1C83F /* FoodTrackerTests */ = {
			isa = PBXGroup;
			children = (
				F30641B220E55BD100B1C83F /* FoodTrackerTests.swift */,
				F30641B420E55BD100B1C83F /* Info.plist */,
			);
			path = FoodTrackerTests;
			sourceTree = "<group>";
		};
/* End PBXGroup section */

/* Begin PBXNativeTarget section */
		F306419920E55BCE00B1C83F /* FoodTracker */ = {
			isa = PBXNativeTarget;
			buildConfigurationList = F30641B720E55BD100B1C83F /* Build configuration list for PBXNativeTarget "FoodTracker" */;
			buildPhases = (
				F306419620E55BCE00B1C83F /* Sources */,
				F306419720E55BCE00B1C83F /* Frameworks */,
				F306419820E55BCE00B1C83F /* Resources */,
			);
			buildRules = (
			);
			dependencies = (
			);
			name = FoodTracker;
			productName = FoodTracker;
			productReference = F306419A20E55BCE00B1C83F /* FoodTracker.app */;
			productType = "com.apple.product-type.application";
		};
		F30641AD20E55BD100B1C83F /* FoodTrackerTests */ = {
			isa = PBXNativeTarget;
			buildConfigurationList = F30641BA20E55BD100B1C83F /* Build configuration list for PBXNativeTarget "FoodTrackerTests" */;
			buildPhases = (
				F30641AA20E55BD100B1C83F /* Sources */,
				F30641AB20E55BD100B1C83F /* Frameworks */,
				F30641AC20E55BD100B1C83F /* Resources */,
			);
			buildRules = (
			);
			dependencies = (
				F30641B020E55BD100B1C83F /* PBXTargetDependency */,
			);
			name = FoodTrackerTests;
			productName = FoodTrackerTests;
			productReference = F30641AE20E55BD100B1C83F /* FoodTrackerTests.xctest */;
			productType = "com.apple.product-type.bundle.unit-test";
		};
/* End PBXNativeTarget section */

/* Begin PBXProject section */
		F306419220E55BCE00B1C83F /* Project object */ = {
			isa = PBXProject;
			attributes = {
				LastSwiftUpdateCheck = 0940;
				LastUpgradeCheck = 0940;
				ORGANIZATIONNAME = "Felicia Hou";
				TargetAttributes = {
					F306419920E55BCE00B1C83F = {
						CreatedOnToolsVersion = 9.4.1;
					};
					F30641AD20E55BD100B1C83F = {
						CreatedOnToolsVersion = 9.4.1;
						TestTargetID = F306419920E55BCE00B1C83F;
					};
				};
			};
			buildConfigurationList = F306419520E55BCE00B1C83F /* Build configuration list for PBXProject "FoodTracker" */;
			compatibilityVersion = "Xcode 9.3";
			developmentRegion = en;
			hasScannedForEncodings = 0;
			knownRegions = (
				en,
				Base,
			);
			mainGroup = F306419120E55BCE00B1C83F;
			productRefGroup = F306419B20E55BCE00B1C83F /* Products */;
			projectDirPath = "";
			projectRoot = "";
			targets = (
				F306419920E55BCE00B1C83F /* FoodTracker */,
				F30641AD20E55BD100B1C83F /* FoodTrackerTests */,
			);
		};
/* End PBXProject section */

/* Begin PBXResourcesBuildPhase section */
		F306419820E55BCE00B1C83F /* Resources */ = {
			isa = PBXResourcesBuildPhase;
			buildActionMask = 2147483647;
			files = (
				F30641A820E55BD100B1C83F /* LaunchScreen.storyboard in Resources */,
				F30641A520E55BD100B1C83F /* Assets.xcassets in Resources */,
				F30641A320E55BCE00B1C83F /* Main.storyboard in Resources */,
			);
			runOnlyForDeploymentPostprocessing = 0;
		};
		F30641AC20E55BD100B1C83F /* Resources */ = {
			isa = PBXResourcesBuildPhase;
			buildActionMask = 2147483647;
			files = (
			);
			runOnlyForDeploymentPostprocessing = 0;
		};
/* End PBXResourcesBuildPhase section */

/* Begin PBXSourcesBuildPhase section */
		F306419620E55BCE00B1C83F /* Sources */ = {
			isa = PBXSourcesBuildPhase;
			buildActionMask = 2147483647;
			files = (
				F3D0876420EE7C1D0094A136 /* Meal.swift in Sources */,
				F30641A020E55BCE00B1C83F /* MealViewController.swift in Sources */,
				F3ED537720EBFA990022B049 /* RatingControl.swift in Sources */,
				F306419E20E55BCE00B1C83F /* AppDelegate.swift in Sources */,
				F3C5372B20EE8CE9005AB72F /* MealTableViewController.swift in Sources */,
				F3C5372920EE834A005AB72F /* MealTableViewCell.swift in Sources */,
			);
			runOnlyForDeploymentPostprocessing = 0;
		};
		F30641AA20E55BD100B1C83F /* Sources */ = {
			isa = PBXSourcesBuildPhase;
			buildActionMask = 2147483647;
			files = (
				F30641B320E55BD100B1C83F /* FoodTrackerTests.swift in Sources */,
			);
			runOnlyForDeploymentPostprocessing = 0;
		};
/* End PBXSourcesBuildPhase section */

/* Begin PBXTargetDependency section */
		F30641B020E55BD100B1C83F /* PBXTargetDependency */ = {
			isa = PBXTargetDependency;
			target = F306419920E55BCE00B1C83F /* FoodTracker */;
			targetProxy = F30641AF20E55BD100B1C83F /* PBXContainerItemProxy */;
		};
/* End PBXTargetDependency section */

/* Begin PBXVariantGroup section */
		F30641A120E55BCE00B1C83F /* Main.storyboard */ = {
			isa = PBXVariantGroup;
			children = (
				F30641A220E55BCE00B1C83F /* Base */,
			);
			name = Main.storyboard;
			sourceTree = "<group>";
		};
		F30641A620E55BD100B1C83F /* LaunchScreen.storyboard */ = {
			isa = PBXVariantGroup;
			children = (
				F30641A720E55BD100B1C83F /* Base */,
			);
			name = LaunchScreen.storyboard;
			sourceTree = "<group>";
		};
/* End PBXVariantGroup section */

/* Begin XCBuildConfiguration section */
		F30641B520E55BD100B1C83F /* Debug */ = {
			isa = XCBuildConfiguration;
			buildSettings = {
				ALWAYS_SEARCH_USER_PATHS = NO;
				CLANG_ANALYZER_NONNULL = YES;
				CLANG_ANALYZER_NUMBER_OBJECT_CONVERSION = YES_AGGRESSIVE;
				CLANG_CXX_LANGUAGE_STANDARD = "gnu++14";
				CLANG_CXX_LIBRARY = "libc++";
				CLANG_ENABLE_MODULES = YES;
				CLANG_ENABLE_OBJC_ARC = YES;
				CLANG_ENABLE_OBJC_WEAK = YES;
				CLANG_WARN_BLOCK_CAPTURE_AUTORELEASING = YES;
				CLANG_WARN_BOOL_CONVERSION = YES;
				CLANG_WARN_COMMA = YES;
				CLANG_WARN_CONSTANT_CONVERSION = YES;
				CLANG_WARN_DEPRECATED_OBJC_IMPLEMENTATIONS = YES;
				CLANG_WARN_DIRECT_OBJC_ISA_USAGE = YES_ERROR;
				CLANG_WARN_DOCUMENTATION_COMMENTS = YES;
				CLANG_WARN_EMPTY_BODY = YES;
				CLANG_WARN_ENUM_CONVERSION = YES;
				CLANG_WARN_INFINITE_RECURSION = YES;
				CLANG_WARN_INT_CONVERSION = YES;
				CLANG_WARN_NON_LITERAL_NULL_CONVERSION = YES;
				CLANG_WARN_OBJC_IMPLICIT_RETAIN_SELF = YES;
				CLANG_WARN_OBJC_LITERAL_CONVERSION = YES;
				CLANG_WARN_OBJC_ROOT_CLASS = YES_ERROR;
				CLANG_WARN_RANGE_LOOP_ANALYSIS = YES;
				CLANG_WARN_STRICT_PROTOTYPES = YES;
				CLANG_WARN_SUSPICIOUS_MOVE = YES;
				CLANG_WARN_UNGUARDED_AVAILABILITY = YES_AGGRESSIVE;
				CLANG_WARN_UNREACHABLE_CODE = YES;
				CLANG_WARN__DUPLICATE_METHOD_MATCH = YES;
				CODE_SIGN_IDENTITY = "iPhone Developer";
				COPY_PHASE_STRIP = NO;
				DEBUG_INFORMATION_FORMAT = dwarf;
				ENABLE_STRICT_OBJC_MSGSEND = YES;
				ENABLE_TESTABILITY = YES;
				GCC_C_LANGUAGE_STANDARD = gnu11;
				GCC_DYNAMIC_NO_PIC = NO;
				GCC_NO_COMMON_BLOCKS = YES;
				GCC_OPTIMIZATION_LEVEL = 0;
				GCC_PREPROCESSOR_DEFINITIONS = (
					"DEBUG=1",
					"$(inherited)",
				);
				GCC_WARN_64_TO_32_BIT_CONVERSION = YES;
				GCC_WARN_ABOUT_RETURN_TYPE = YES_ERROR;
				GCC_WARN_UNDECLARED_SELECTOR = YES;
				GCC_WARN_UNINITIALIZED_AUTOS = YES_AGGRESSIVE;
				GCC_WARN_UNUSED_FUNCTION = YES;
				GCC_WARN_UNUSED_VARIABLE = YES;
				IPHONEOS_DEPLOYMENT_TARGET = 11.4;
				MTL_ENABLE_DEBUG_INFO = YES;
				ONLY_ACTIVE_ARCH = YES;
				SDKROOT = iphoneos;
				SWIFT_ACTIVE_COMPILATION_CONDITIONS = DEBUG;
				SWIFT_OPTIMIZATION_LEVEL = "-Onone";
			};
			name = Debug;
		};
		F30641B620E55BD100B1C83F /* Release */ = {
			isa = XCBuildConfiguration;
			buildSettings = {
				ALWAYS_SEARCH_USER_PATHS = NO;
				CLANG_ANALYZER_NONNULL = YES;
				CLANG_ANALYZER_NUMBER_OBJECT_CONVERSION = YES_AGGRESSIVE;
				CLANG_CXX_LANGUAGE_STANDARD = "gnu++14";
				CLANG_CXX_LIBRARY = "libc++";
				CLANG_ENABLE_MODULES = YES;
				CLANG_ENABLE_OBJC_ARC = YES;
				CLANG_ENABLE_OBJC_WEAK = YES;
				CLANG_WARN_BLOCK_CAPTURE_AUTORELEASING = YES;
				CLANG_WARN_BOOL_CONVERSION = YES;
				CLANG_WARN_COMMA = YES;
				CLANG_WARN_CONSTANT_CONVERSION = YES;
				CLANG_WARN_DEPRECATED_OBJC_IMPLEMENTATIONS = YES;
				CLANG_WARN_DIRECT_OBJC_ISA_USAGE = YES_ERROR;
				CLANG_WARN_DOCUMENTATION_COMMENTS = YES;
				CLANG_WARN_EMPTY_BODY = YES;
				CLANG_WARN_ENUM_CONVERSION = YES;
				CLANG_WARN_INFINITE_RECURSION = YES;
				CLANG_WARN_INT_CONVERSION = YES;
				CLANG_WARN_NON_LITERAL_NULL_CONVERSION = YES;
				CLANG_WARN_OBJC_IMPLICIT_RETAIN_SELF = YES;
				CLANG_WARN_OBJC_LITERAL_CONVERSION = YES;
				CLANG_WARN_OBJC_ROOT_CLASS = YES_ERROR;
				CLANG_WARN_RANGE_LOOP_ANALYSIS = YES;
				CLANG_WARN_STRICT_PROTOTYPES = YES;
				CLANG_WARN_SUSPICIOUS_MOVE = YES;
				CLANG_WARN_UNGUARDED_AVAILABILITY = YES_AGGRESSIVE;
				CLANG_WARN_UNREACHABLE_CODE = YES;
				CLANG_WARN__DUPLICATE_METHOD_MATCH = YES;
				CODE_SIGN_IDENTITY = "iPhone Developer";
				COPY_PHASE_STRIP = NO;
				DEBUG_INFORMATION_FORMAT = "dwarf-with-dsym";
				ENABLE_NS_ASSERTIONS = NO;
				ENABLE_STRICT_OBJC_MSGSEND = YES;
				GCC_C_LANGUAGE_STANDARD = gnu11;
				GCC_NO_COMMON_BLOCKS = YES;
				GCC_WARN_64_TO_32_BIT_CONVERSION = YES;
				GCC_WARN_ABOUT_RETURN_TYPE = YES_ERROR;
				GCC_WARN_UNDECLARED_SELECTOR = YES;
				GCC_WARN_UNINITIALIZED_AUTOS = YES_AGGRESSIVE;
				GCC_WARN_UNUSED_FUNCTION = YES;
				GCC_WARN_UNUSED_VARIABLE = YES;
				IPHONEOS_DEPLOYMENT_TARGET = 11.4;
				MTL_ENABLE_DEBUG_INFO = NO;
				SDKROOT = iphoneos;
				SWIFT_COMPILATION_MODE = wholemodule;
				SWIFT_OPTIMIZATION_LEVEL = "-O";
				VALIDATE_PRODUCT = YES;
			};
			name = Release;
		};
		F30641B820E55BD100B1C83F /* Debug */ = {
			isa = XCBuildConfiguration;
			buildSettings = {
				ASSETCATALOG_COMPILER_APPICON_NAME = AppIcon;
				CODE_SIGN_STYLE = Automatic;
				INFOPLIST_FILE = FoodTracker/Info.plist;
				LD_RUNPATH_SEARCH_PATHS = (
					"$(inherited)",
					"@executable_path/Frameworks",
				);
				PRODUCT_BUNDLE_IDENTIFIER = com.example.FoodTracker;
				PRODUCT_NAME = "$(TARGET_NAME)";
				SWIFT_VERSION = 4.0;
				TARGETED_DEVICE_FAMILY = "1,2";
			};
			name = Debug;
		};
		F30641B920E55BD100B1C83F /* Release */ = {
			isa = XCBuildConfiguration;
			buildSettings = {
				ASSETCATALOG_COMPILER_APPICON_NAME = AppIcon;
				CODE_SIGN_STYLE = Automatic;
				INFOPLIST_FILE = FoodTracker/Info.plist;
				LD_RUNPATH_SEARCH_PATHS = (
					"$(inherited)",
					"@executable_path/Frameworks",
				);
				PRODUCT_BUNDLE_IDENTIFIER = com.example.FoodTracker;
				PRODUCT_NAME = "$(TARGET_NAME)";
				SWIFT_VERSION = 4.0;
				TARGETED_DEVICE_FAMILY = "1,2";
			};
			name = Release;
		};
		F30641BB20E55BD100B1C83F /* Debug */ = {
			isa = XCBuildConfiguration;
			buildSettings = {
				ALWAYS_EMBED_SWIFT_STANDARD_LIBRARIES = YES;
				BUNDLE_LOADER = "$(TEST_HOST)";
				CODE_SIGN_STYLE = Automatic;
				INFOPLIST_FILE = FoodTrackerTests/Info.plist;
				LD_RUNPATH_SEARCH_PATHS = (
					"$(inherited)",
					"@executable_path/Frameworks",
					"@loader_path/Frameworks",
				);
				PRODUCT_BUNDLE_IDENTIFIER = com.example.FoodTrackerTests;
				PRODUCT_NAME = "$(TARGET_NAME)";
				SWIFT_VERSION = 4.0;
				TARGETED_DEVICE_FAMILY = "1,2";
				TEST_HOST = "$(BUILT_PRODUCTS_DIR)/FoodTracker.app/FoodTracker";
			};
			name = Debug;
		};
		F30641BC20E55BD100B1C83F /* Release */ = {
			isa = XCBuildConfiguration;
			buildSettings = {
				ALWAYS_EMBED_SWIFT_STANDARD_LIBRARIES = YES;
				BUNDLE_LOADER = "$(TEST_HOST)";
				CODE_SIGN_STYLE = Automatic;
				INFOPLIST_FILE = FoodTrackerTests/Info.plist;
				LD_RUNPATH_SEARCH_PATHS = (
					"$(inherited)",
					"@executable_path/Frameworks",
					"@loader_path/Frameworks",
				);
				PRODUCT_BUNDLE_IDENTIFIER = com.example.FoodTrackerTests;
				PRODUCT_NAME = "$(TARGET_NAME)";
				SWIFT_VERSION = 4.0;
				TARGETED_DEVICE_FAMILY = "1,2";
				TEST_HOST = "$(BUILT_PRODUCTS_DIR)/FoodTracker.app/FoodTracker";
			};
			name = Release;
		};
/* End XCBuildConfiguration section */

/* Begin XCConfigurationList section */
		F306419520E55BCE00B1C83F /* Build configuration list for PBXProject "FoodTracker" */ = {
			isa = XCConfigurationList;
			buildConfigurations = (
				F30641B520E55BD100B1C83F /* Debug */,
				F30641B620E55BD100B1C83F /* Release */,
			);
			defaultConfigurationIsVisible = 0;
			defaultConfigurationName = Release;
		};
		F30641B720E55BD100B1C83F /* Build configuration list for PBXNativeTarget "FoodTracker" */ = {
			isa = XCConfigurationList;
			buildConfigurations = (
				F30641B820E55BD100B1C83F /* Debug */,
				F30641B920E55BD100B1C83F /* Release */,
			);
			defaultConfigurationIsVisible = 0;
			defaultConfigurationName = Release;
		};
		F30641BA20E55BD100B1C83F /* Build configuration list for PBXNativeTarget "FoodTrackerTests" */ = {
			isa = XCConfigurationList;
			buildConfigurations = (
				F30641BB20E55BD100B1C83F /* Debug */,
				F30641BC20E55BD100B1C83F /* Release */,
			);
			defaultConfigurationIsVisible = 0;
			defaultConfigurationName = Release;
		};
/* End XCConfigurationList section */
	};
	rootObject = F306419220E55BCE00B1C83F /* Project object */;
}
